{
  "projects": [
    {
      "projectId": "esfshpqx8ZjBqQ8kozVymU",
      "version": "latest",
      "dependencies": {},
      "lang": "ts",
      "fileLocks": [
        {
          "type": "globalVariant",
          "assetId": "dgogk5weoCSK",
          "checksum": "48bd6d743414895d48289a40ce6678bb"
        },
        {
          "type": "renderModule",
          "assetId": "ptWm8QD-5SmX",
          "checksum": "b15ff7e1ddfcb4c007d640cd7e31452b"
        },
        {
          "type": "cssRules",
          "assetId": "ptWm8QD-5SmX",
          "checksum": "b15ff7e1ddfcb4c007d640cd7e31452b"
        },
        {
          "type": "renderModule",
          "assetId": "EPtFtCkT_p",
          "checksum": "fc6420a360c1d91303a53e22d7a9c7e6"
        },
        {
          "type": "cssRules",
          "assetId": "EPtFtCkT_p",
          "checksum": "fc6420a360c1d91303a53e22d7a9c7e6"
        },
        {
          "assetId": "esfshpqx8ZjBqQ8kozVymU",
          "type": "projectCss",
          "checksum": "4733aeb4fe0c4561753eb5fb2e7d34ce"
        }
      ]
    }
  ],
  "cliVersion": "0.1.134"
}
